
Microsoft Visual Studio Solution File, Format Version 12.00
# Visual Studio 15
VisualStudioVersion = 15.0.27130.2036
MinimumVisualStudioVersion = 10.0.40219.1
Project("{FAE04EC0-301F-11D3-BF4B-00C04F79EFBC}") = "GVWebapi", "GVWebapi\GVWebapi.csproj", "{B769CD2E-BC03-40EC-9996-14C115FA1ABD}"
EndProject
Project("{2150E333-8FDC-42A3-9474-1A3956D46DE8}") = "Solution Items", "Solution Items", "{F82466A1-4898-45CF-990A-AC75BDEBDD50}"
	ProjectSection(SolutionItems) = preProject
		db_updates.sql = db_updates.sql
	EndProjectSection
EndProject
Project("{FAE04EC0-301F-11D3-BF4B-00C04F79EFBC}") = "GV", "GV\GV.csproj", "{EF94A96D-91C2-4767-9E77-42CDF14FEFD2}"
EndProject
Project("{FAE04EC0-301F-11D3-BF4B-00C04F79EFBC}") = "GV.IntegrationTests", "GV.IntegrationTests\GV.IntegrationTests.csproj", "{8616D2AA-6BBE-440B-96EC-7A499D48AA7F}"
EndProject
Project("{2150E333-8FDC-42A3-9474-1A3956D46DE8}") = "Tests", "Tests", "{039EB1FB-035B-4A39-9173-B55CA9309ABD}"
EndProject
Global
	GlobalSection(SolutionConfigurationPlatforms) = preSolution
		Debug|Any CPU = Debug|Any CPU
		Release|Any CPU = Release|Any CPU
	EndGlobalSection
	GlobalSection(ProjectConfigurationPlatforms) = postSolution
		{B769CD2E-BC03-40EC-9996-14C115FA1ABD}.Debug|Any CPU.ActiveCfg = Debug|Any CPU
		{B769CD2E-BC03-40EC-9996-14C115FA1ABD}.Debug|Any CPU.Build.0 = Debug|Any CPU
		{B769CD2E-BC03-40EC-9996-14C115FA1ABD}.Release|Any CPU.ActiveCfg = Release|Any CPU
		{B769CD2E-BC03-40EC-9996-14C115FA1ABD}.Release|Any CPU.Build.0 = Release|Any CPU
		{EF94A96D-91C2-4767-9E77-42CDF14FEFD2}.Debug|Any CPU.ActiveCfg = Debug|Any CPU
		{EF94A96D-91C2-4767-9E77-42CDF14FEFD2}.Debug|Any CPU.Build.0 = Debug|Any CPU
		{EF94A96D-91C2-4767-9E77-42CDF14FEFD2}.Release|Any CPU.ActiveCfg = Release|Any CPU
		{EF94A96D-91C2-4767-9E77-42CDF14FEFD2}.Release|Any CPU.Build.0 = Release|Any CPU
		{8616D2AA-6BBE-440B-96EC-7A499D48AA7F}.Debug|Any CPU.ActiveCfg = Debug|Any CPU
		{8616D2AA-6BBE-440B-96EC-7A499D48AA7F}.Debug|Any CPU.Build.0 = Debug|Any CPU
		{8616D2AA-6BBE-440B-96EC-7A499D48AA7F}.Release|Any CPU.ActiveCfg = Release|Any CPU
		{8616D2AA-6BBE-440B-96EC-7A499D48AA7F}.Release|Any CPU.Build.0 = Release|Any CPU
	EndGlobalSection
	GlobalSection(SolutionProperties) = preSolution
		HideSolutionNode = FALSE
	EndGlobalSection
	GlobalSection(NestedProjects) = preSolution
		{8616D2AA-6BBE-440B-96EC-7A499D48AA7F} = {039EB1FB-035B-4A39-9173-B55CA9309ABD}
	EndGlobalSection
	GlobalSection(ExtensibilityGlobals) = postSolution
		SolutionGuid = {8F414421-F85C-4931-A7AF-F4E1CD8B5576}
	EndGlobalSection
EndGlobal
